// !$*UTF8*$!
{
	archiveVersion = 1;
	classes = {
	};
	objectVersion = 46;
	objects = {

/* Begin PBXBuildFile section */
		3F2543891952BA690000E6C9 /* Foundation.framework in Frameworks */ = {isa = PBXBuildFile; fileRef = 3F2543881952BA690000E6C9 /* Foundation.framework */; };
		3F25438B1952BA690000E6C9 /* CoreGraphics.framework in Frameworks */ = {isa = PBXBuildFile; fileRef = 3F25438A1952BA690000E6C9 /* CoreGraphics.framework */; };
		3F25438D1952BA690000E6C9 /* UIKit.framework in Frameworks */ = {isa = PBXBuildFile; fileRef = 3F25438C1952BA690000E6C9 /* UIKit.framework */; };
		3F2543931952BA690000E6C9 /* InfoPlist.strings in Resources */ = {isa = PBXBuildFile; fileRef = 3F2543911952BA690000E6C9 /* InfoPlist.strings */; };
		3F2543951952BA690000E6C9 /* main.m in Sources */ = {isa = PBXBuildFile; fileRef = 3F2543941952BA690000E6C9 /* main.m */; };
		3F2543991952BA690000E6C9 /* AppDelegate.m in Sources */ = {isa = PBXBuildFile; fileRef = 3F2543981952BA690000E6C9 /* AppDelegate.m */; };
		3F25439C1952BA690000E6C9 /* Main_iPhone.storyboard in Resources */ = {isa = PBXBuildFile; fileRef = 3F25439A1952BA690000E6C9 /* Main_iPhone.storyboard */; };
		3F25439F1952BA690000E6C9 /* Main_iPad.storyboard in Resources */ = {isa = PBXBuildFile; fileRef = 3F25439D1952BA690000E6C9 /* Main_iPad.storyboard */; };
		3F2543A21952BA690000E6C9 /* MasterViewController.m in Sources */ = {isa = PBXBuildFile; fileRef = 3F2543A11952BA690000E6C9 /* MasterViewController.m */; };
		3F2543A51952BA690000E6C9 /* DetailViewController.m in Sources */ = {isa = PBXBuildFile; fileRef = 3F2543A41952BA690000E6C9 /* DetailViewController.m */; };
		3F2543A71952BA690000E6C9 /* Images.xcassets in Resources */ = {isa = PBXBuildFile; fileRef = 3F2543A61952BA690000E6C9 /* Images.xcassets */; };
		3F2543AE1952BA690000E6C9 /* XCTest.framework in Frameworks */ = {isa = PBXBuildFile; fileRef = 3F2543AD1952BA690000E6C9 /* XCTest.framework */; };
		3F2543AF1952BA690000E6C9 /* Foundation.framework in Frameworks */ = {isa = PBXBuildFile; fileRef = 3F2543881952BA690000E6C9 /* Foundation.framework */; };
		3F2543B01952BA690000E6C9 /* UIKit.framework in Frameworks */ = {isa = PBXBuildFile; fileRef = 3F25438C1952BA690000E6C9 /* UIKit.framework */; };
		3F2543B81952BA690000E6C9 /* InfoPlist.strings in Resources */ = {isa = PBXBuildFile; fileRef = 3F2543B61952BA690000E6C9 /* InfoPlist.strings */; };
		3F2543BA1952BA690000E6C9 /* foodTests.m in Sources */ = {isa = PBXBuildFile; fileRef = 3F2543B91952BA690000E6C9 /* foodTests.m */; };
		3F26263319A8751F000ACB6F /* SellerSectionHeaderCell.m in Sources */ = {isa = PBXBuildFile; fileRef = 3F26263219A8751F000ACB6F /* SellerSectionHeaderCell.m */; };
		3F295CB319B50F4F0039315D /* place_holder_buyer_order_page.png in Resources */ = {isa = PBXBuildFile; fileRef = 3F295CB019B50F4F0039315D /* place_holder_buyer_order_page.png */; };
		3F2CB86E196FBBAD00C32AED /* PublishViewController.m in Sources */ = {isa = PBXBuildFile; fileRef = 3F2CB86D196FBBAD00C32AED /* PublishViewController.m */; };
		3F385704198B68DA005F9A09 /* MyListTableViewController.m in Sources */ = {isa = PBXBuildFile; fileRef = 3F385703198B68DA005F9A09 /* MyListTableViewController.m */; };
		3F3D6BD419A145CC00115655 /* OrderListViewController.m in Sources */ = {isa = PBXBuildFile; fileRef = 3F3D6BD319A145CC00115655 /* OrderListViewController.m */; };
		3F59F9D8196F95E600D67428 /* Base64Encoder.m in Sources */ = {isa = PBXBuildFile; fileRef = 3F59F9D3196F95E600D67428 /* Base64Encoder.m */; };
		3F59F9D9196F95E600D67428 /* totServerCommController.m in Sources */ = {isa = PBXBuildFile; fileRef = 3F59F9D5196F95E600D67428 /* totServerCommController.m */; };
		3F59F9DA196F95E600D67428 /* totURLConnection.m in Sources */ = {isa = PBXBuildFile; fileRef = 3F59F9D7196F95E600D67428 /* totURLConnection.m */; };
		3F59F9DE196F99F700D67428 /* totUtility.m in Sources */ = {isa = PBXBuildFile; fileRef = 3F59F9DD196F99F700D67428 /* totUtility.m */; };
		3F59F9E0196F9ABE00D67428 /* comm.json in Resources */ = {isa = PBXBuildFile; fileRef = 3F59F9DF196F9ABE00D67428 /* comm.json */; };
		3F81693F19AA82710062F6EC /* SellerOrderCell.m in Sources */ = {isa = PBXBuildFile; fileRef = 3F81693E19AA82710062F6EC /* SellerOrderCell.m */; };
		3F81694119AA84490062F6EC /* soldout.jpg in Resources */ = {isa = PBXBuildFile; fileRef = 3F81694019AA84490062F6EC /* soldout.jpg */; };
		3F84EC9E19A3047800765B0F /* NotificationManager.m in Sources */ = {isa = PBXBuildFile; fileRef = 3F84EC9D19A3047800765B0F /* NotificationManager.m */; };
		3F8ABBF6195F858600A9C7DE /* FoodItem.m in Sources */ = {isa = PBXBuildFile; fileRef = 3F8ABBF5195F858600A9C7DE /* FoodItem.m */; };
		3F8ABBF9195F880600A9C7DE /* FoodItemView.m in Sources */ = {isa = PBXBuildFile; fileRef = 3F8ABBF8195F880600A9C7DE /* FoodItemView.m */; };
		3F9C8615199C8704003340E9 /* totLoginController.m in Sources */ = {isa = PBXBuildFile; fileRef = 3F9C8614199C8704003340E9 /* totLoginController.m */; };
		3F9C8618199F3153003340E9 /* Order.m in Sources */ = {isa = PBXBuildFile; fileRef = 3F9C8617199F3153003340E9 /* Order.m */; };
		3FABA640195F9BDB0058F6D3 /* food.png in Resources */ = {isa = PBXBuildFile; fileRef = 3FABA63F195F9BDB0058F6D3 /* food.png */; };
		3FABA643195FAC5A0058F6D3 /* OrderViewController.m in Sources */ = {isa = PBXBuildFile; fileRef = 3FABA642195FAC5A0058F6D3 /* OrderViewController.m */; };
		3FABA646195FBBDF0058F6D3 /* MenuCell.m in Sources */ = {isa = PBXBuildFile; fileRef = 3FABA645195FBBDF0058F6D3 /* MenuCell.m */; };
		3FABA649195FBEFB0058F6D3 /* Global.m in Sources */ = {isa = PBXBuildFile; fileRef = 3FABA648195FBEFB0058F6D3 /* Global.m */; };
		3FABA64C195FC2B60058F6D3 /* OrderCell.m in Sources */ = {isa = PBXBuildFile; fileRef = 3FABA64B195FC2B60058F6D3 /* OrderCell.m */; };
		3FB0D76219A99B0100A519C5 /* confirmed.png in Resources */ = {isa = PBXBuildFile; fileRef = 3FB0D76119A99B0100A519C5 /* confirmed.png */; };
		3FB0D76419A99CB100A519C5 /* confirmed1.png in Resources */ = {isa = PBXBuildFile; fileRef = 3FB0D76319A99CB100A519C5 /* confirmed1.png */; };
		3FC2FA061990AF3C00457F6D /* totUser.m in Sources */ = {isa = PBXBuildFile; fileRef = 3FC2FA051990AF3C00457F6D /* totUser.m */; };
		3FC2FA091990AF7400457F6D /* totModel.m in Sources */ = {isa = PBXBuildFile; fileRef = 3FC2FA081990AF7400457F6D /* totModel.m */; };
		3FC2FA0D1990AFC100457F6D /* totEvent.m in Sources */ = {isa = PBXBuildFile; fileRef = 3FC2FA0B1990AFC100457F6D /* totEvent.m */; };
		3FC2FA1F1990B01400457F6D /* RNCryptor.m in Sources */ = {isa = PBXBuildFile; fileRef = 3FC2FA121990B01400457F6D /* RNCryptor.m */; };
		3FC2FA201990B01400457F6D /* RNCryptorEngine.m in Sources */ = {isa = PBXBuildFile; fileRef = 3FC2FA141990B01400457F6D /* RNCryptorEngine.m */; };
		3FC2FA211990B01400457F6D /* RNDecryptor.m in Sources */ = {isa = PBXBuildFile; fileRef = 3FC2FA161990B01400457F6D /* RNDecryptor.m */; };
		3FC2FA221990B01400457F6D /* RNEncryptor.m in Sources */ = {isa = PBXBuildFile; fileRef = 3FC2FA181990B01400457F6D /* RNEncryptor.m */; };
		3FC2FA231990B01400457F6D /* RNOpenSSLCryptor.m in Sources */ = {isa = PBXBuildFile; fileRef = 3FC2FA1A1990B01400457F6D /* RNOpenSSLCryptor.m */; };
		3FC2FA241990B01400457F6D /* RNOpenSSLDecryptor.m in Sources */ = {isa = PBXBuildFile; fileRef = 3FC2FA1C1990B01400457F6D /* RNOpenSSLDecryptor.m */; };
		3FC2FA251990B01400457F6D /* RNOpenSSLEncryptor.m in Sources */ = {isa = PBXBuildFile; fileRef = 3FC2FA1E1990B01400457F6D /* RNOpenSSLEncryptor.m */; };
		3FC2FA271990B13600457F6D /* libsqlite3.dylib in Frameworks */ = {isa = PBXBuildFile; fileRef = 3FC2FA261990B13600457F6D /* libsqlite3.dylib */; };
		3FC361C219A6F67E0076EEA2 /* order.png in Resources */ = {isa = PBXBuildFile; fileRef = 3FC361C119A6F67E0076EEA2 /* order.png */; };
		3FD165E619BED0F8009D62D8 /* MobileCoreServices.framework in Frameworks */ = {isa = PBXBuildFile; fileRef = 3FD165E519BED0F8009D62D8 /* MobileCoreServices.framework */; };
		3FD165ED19BEDE79009D62D8 /* place_holder_buyer_list_page.png in Resources */ = {isa = PBXBuildFile; fileRef = 3FD165EB19BEDE79009D62D8 /* place_holder_buyer_list_page.png */; };
		3FD165EE19BEDE79009D62D8 /* place_holder_seller_list_page.png in Resources */ = {isa = PBXBuildFile; fileRef = 3FD165EC19BEDE79009D62D8 /* place_holder_seller_list_page.png */; };
		3FD6CC64197F7D070082354E /* MenuViewController.m in Sources */ = {isa = PBXBuildFile; fileRef = 3FD6CC63197F7D070082354E /* MenuViewController.m */; };
		3FF86DDD19B1A4E7000A6E21 /* MKAnnotationView+WebCache.m in Sources */ = {isa = PBXBuildFile; fileRef = 3FF86DBD19B1A4E7000A6E21 /* MKAnnotationView+WebCache.m */; };
		3FF86DDE19B1A4E7000A6E21 /* NSData+ImageContentType.m in Sources */ = {isa = PBXBuildFile; fileRef = 3FF86DBF19B1A4E7000A6E21 /* NSData+ImageContentType.m */; };
		3FF86DDF19B1A4E7000A6E21 /* SDImageCache.m in Sources */ = {isa = PBXBuildFile; fileRef = 3FF86DC119B1A4E7000A6E21 /* SDImageCache.m */; };
		3FF86DE019B1A4E7000A6E21 /* SDWebImageCompat.m in Sources */ = {isa = PBXBuildFile; fileRef = 3FF86DC319B1A4E7000A6E21 /* SDWebImageCompat.m */; };
		3FF86DE119B1A4E7000A6E21 /* SDWebImageDecoder.m in Sources */ = {isa = PBXBuildFile; fileRef = 3FF86DC519B1A4E7000A6E21 /* SDWebImageDecoder.m */; };
		3FF86DE219B1A4E7000A6E21 /* SDWebImageDownloader.m in Sources */ = {isa = PBXBuildFile; fileRef = 3FF86DC719B1A4E7000A6E21 /* SDWebImageDownloader.m */; };
		3FF86DE319B1A4E7000A6E21 /* SDWebImageDownloaderOperation.m in Sources */ = {isa = PBXBuildFile; fileRef = 3FF86DC919B1A4E7000A6E21 /* SDWebImageDownloaderOperation.m */; };
		3FF86DE419B1A4E7000A6E21 /* SDWebImageManager.m in Sources */ = {isa = PBXBuildFile; fileRef = 3FF86DCB19B1A4E7000A6E21 /* SDWebImageManager.m */; };
		3FF86DE519B1A4E7000A6E21 /* SDWebImagePrefetcher.m in Sources */ = {isa = PBXBuildFile; fileRef = 3FF86DCE19B1A4E7000A6E21 /* SDWebImagePrefetcher.m */; };
		3FF86DE619B1A4E7000A6E21 /* UIButton+WebCache.m in Sources */ = {isa = PBXBuildFile; fileRef = 3FF86DD019B1A4E7000A6E21 /* UIButton+WebCache.m */; };
		3FF86DE719B1A4E7000A6E21 /* UIImage+GIF.m in Sources */ = {isa = PBXBuildFile; fileRef = 3FF86DD219B1A4E7000A6E21 /* UIImage+GIF.m */; };
		3FF86DE819B1A4E7000A6E21 /* UIImage+MultiFormat.m in Sources */ = {isa = PBXBuildFile; fileRef = 3FF86DD419B1A4E7000A6E21 /* UIImage+MultiFormat.m */; };
		3FF86DE919B1A4E7000A6E21 /* UIImage+WebP.m in Sources */ = {isa = PBXBuildFile; fileRef = 3FF86DD619B1A4E7000A6E21 /* UIImage+WebP.m */; };
		3FF86DEA19B1A4E7000A6E21 /* UIImageView+HighlightedWebCache.m in Sources */ = {isa = PBXBuildFile; fileRef = 3FF86DD819B1A4E7000A6E21 /* UIImageView+HighlightedWebCache.m */; };
		3FF86DEB19B1A4E7000A6E21 /* UIImageView+WebCache.m in Sources */ = {isa = PBXBuildFile; fileRef = 3FF86DDA19B1A4E7000A6E21 /* UIImageView+WebCache.m */; };
		3FF86DEC19B1A4E7000A6E21 /* UIView+WebCacheOperation.m in Sources */ = {isa = PBXBuildFile; fileRef = 3FF86DDC19B1A4E7000A6E21 /* UIView+WebCacheOperation.m */; };
/* End PBXBuildFile section */

/* Begin PBXContainerItemProxy section */
		3F2543B11952BA690000E6C9 /* PBXContainerItemProxy */ = {
			isa = PBXContainerItemProxy;
			containerPortal = 3F25437D1952BA690000E6C9 /* Project object */;
			proxyType = 1;
			remoteGlobalIDString = 3F2543841952BA690000E6C9;
			remoteInfo = food;
		};
/* End PBXContainerItemProxy section */

/* Begin PBXFileReference section */
		3F2543851952BA690000E6C9 /* Local Chef.app */ = {isa = PBXFileReference; explicitFileType = wrapper.application; includeInIndex = 0; path = "Local Chef.app"; sourceTree = BUILT_PRODUCTS_DIR; };
		3F2543881952BA690000E6C9 /* Foundation.framework */ = {isa = PBXFileReference; lastKnownFileType = wrapper.framework; name = Foundation.framework; path = System/Library/Frameworks/Foundation.framework; sourceTree = SDKROOT; };
		3F25438A1952BA690000E6C9 /* CoreGraphics.framework */ = {isa = PBXFileReference; lastKnownFileType = wrapper.framework; name = CoreGraphics.framework; path = System/Library/Frameworks/CoreGraphics.framework; sourceTree = SDKROOT; };
		3F25438C1952BA690000E6C9 /* UIKit.framework */ = {isa = PBXFileReference; lastKnownFileType = wrapper.framework; name = UIKit.framework; path = System/Library/Frameworks/UIKit.framework; sourceTree = SDKROOT; };
		3F2543901952BA690000E6C9 /* food-Info.plist */ = {isa = PBXFileReference; lastKnownFileType = text.plist.xml; path = "food-Info.plist"; sourceTree = "<group>"; };
		3F2543921952BA690000E6C9 /* en */ = {isa = PBXFileReference; lastKnownFileType = text.plist.strings; name = en; path = en.lproj/InfoPlist.strings; sourceTree = "<group>"; };
		3F2543941952BA690000E6C9 /* main.m */ = {isa = PBXFileReference; lastKnownFileType = sourcecode.c.objc; path = main.m; sourceTree = "<group>"; };
		3F2543961952BA690000E6C9 /* food-Prefix.pch */ = {isa = PBXFileReference; lastKnownFileType = sourcecode.c.h; path = "food-Prefix.pch"; sourceTree = "<group>"; };
		3F2543971952BA690000E6C9 /* AppDelegate.h */ = {isa = PBXFileReference; lastKnownFileType = sourcecode.c.h; path = AppDelegate.h; sourceTree = "<group>"; };
		3F2543981952BA690000E6C9 /* AppDelegate.m */ = {isa = PBXFileReference; lastKnownFileType = sourcecode.c.objc; path = AppDelegate.m; sourceTree = "<group>"; };
		3F25439B1952BA690000E6C9 /* Base */ = {isa = PBXFileReference; lastKnownFileType = file.storyboard; name = Base; path = Base.lproj/Main_iPhone.storyboard; sourceTree = "<group>"; };
		3F25439E1952BA690000E6C9 /* Base */ = {isa = PBXFileReference; lastKnownFileType = file.storyboard; name = Base; path = Base.lproj/Main_iPad.storyboard; sourceTree = "<group>"; };
		3F2543A01952BA690000E6C9 /* MasterViewController.h */ = {isa = PBXFileReference; lastKnownFileType = sourcecode.c.h; path = MasterViewController.h; sourceTree = "<group>"; };
		3F2543A11952BA690000E6C9 /* MasterViewController.m */ = {isa = PBXFileReference; lastKnownFileType = sourcecode.c.objc; path = MasterViewController.m; sourceTree = "<group>"; };
		3F2543A31952BA690000E6C9 /* DetailViewController.h */ = {isa = PBXFileReference; lastKnownFileType = sourcecode.c.h; path = DetailViewController.h; sourceTree = "<group>"; };
		3F2543A41952BA690000E6C9 /* DetailViewController.m */ = {isa = PBXFileReference; lastKnownFileType = sourcecode.c.objc; path = DetailViewController.m; sourceTree = "<group>"; };
		3F2543A61952BA690000E6C9 /* Images.xcassets */ = {isa = PBXFileReference; lastKnownFileType = folder.assetcatalog; path = Images.xcassets; sourceTree = "<group>"; };
		3F2543AC1952BA690000E6C9 /* foodTests.xctest */ = {isa = PBXFileReference; explicitFileType = wrapper.cfbundle; includeInIndex = 0; path = foodTests.xctest; sourceTree = BUILT_PRODUCTS_DIR; };
		3F2543AD1952BA690000E6C9 /* XCTest.framework */ = {isa = PBXFileReference; lastKnownFileType = wrapper.framework; name = XCTest.framework; path = Library/Frameworks/XCTest.framework; sourceTree = DEVELOPER_DIR; };
		3F2543B51952BA690000E6C9 /* foodTests-Info.plist */ = {isa = PBXFileReference; lastKnownFileType = text.plist.xml; path = "foodTests-Info.plist"; sourceTree = "<group>"; };
		3F2543B71952BA690000E6C9 /* en */ = {isa = PBXFileReference; lastKnownFileType = text.plist.strings; name = en; path = en.lproj/InfoPlist.strings; sourceTree = "<group>"; };
		3F2543B91952BA690000E6C9 /* foodTests.m */ = {isa = PBXFileReference; lastKnownFileType = sourcecode.c.objc; path = foodTests.m; sourceTree = "<group>"; };
		3F26263119A8751F000ACB6F /* SellerSectionHeaderCell.h */ = {isa = PBXFileReference; fileEncoding = 4; lastKnownFileType = sourcecode.c.h; path = SellerSectionHeaderCell.h; sourceTree = "<group>"; };
		3F26263219A8751F000ACB6F /* SellerSectionHeaderCell.m */ = {isa = PBXFileReference; fileEncoding = 4; lastKnownFileType = sourcecode.c.objc; path = SellerSectionHeaderCell.m; sourceTree = "<group>"; };
		3F295CB019B50F4F0039315D /* place_holder_buyer_order_page.png */ = {isa = PBXFileReference; lastKnownFileType = image.png; path = place_holder_buyer_order_page.png; sourceTree = "<group>"; };
		3F2CB86C196FBBAD00C32AED /* PublishViewController.h */ = {isa = PBXFileReference; fileEncoding = 4; lastKnownFileType = sourcecode.c.h; name = PublishViewController.h; path = src/PublishViewController.h; sourceTree = "<group>"; };
		3F2CB86D196FBBAD00C32AED /* PublishViewController.m */ = {isa = PBXFileReference; fileEncoding = 4; lastKnownFileType = sourcecode.c.objc; name = PublishViewController.m; path = src/PublishViewController.m; sourceTree = "<group>"; };
		3F385702198B68DA005F9A09 /* MyListTableViewController.h */ = {isa = PBXFileReference; fileEncoding = 4; lastKnownFileType = sourcecode.c.h; name = MyListTableViewController.h; path = src/MyListTableViewController.h; sourceTree = "<group>"; };
		3F385703198B68DA005F9A09 /* MyListTableViewController.m */ = {isa = PBXFileReference; fileEncoding = 4; lastKnownFileType = sourcecode.c.objc; name = MyListTableViewController.m; path = src/MyListTableViewController.m; sourceTree = "<group>"; };
		3F3D6BD219A145CC00115655 /* OrderListViewController.h */ = {isa = PBXFileReference; fileEncoding = 4; lastKnownFileType = sourcecode.c.h; name = OrderListViewController.h; path = src/OrderListViewController.h; sourceTree = "<group>"; };
		3F3D6BD319A145CC00115655 /* OrderListViewController.m */ = {isa = PBXFileReference; fileEncoding = 4; lastKnownFileType = sourcecode.c.objc; name = OrderListViewController.m; path = src/OrderListViewController.m; sourceTree = "<group>"; };
		3F59F9D2196F95E600D67428 /* Base64Encoder.h */ = {isa = PBXFileReference; fileEncoding = 4; lastKnownFileType = sourcecode.c.h; path = Base64Encoder.h; sourceTree = "<group>"; };
		3F59F9D3196F95E600D67428 /* Base64Encoder.m */ = {isa = PBXFileReference; fileEncoding = 4; lastKnownFileType = sourcecode.c.objc; path = Base64Encoder.m; sourceTree = "<group>"; };
		3F59F9D4196F95E600D67428 /* totServerCommController.h */ = {isa = PBXFileReference; fileEncoding = 4; lastKnownFileType = sourcecode.c.h; path = totServerCommController.h; sourceTree = "<group>"; };
		3F59F9D5196F95E600D67428 /* totServerCommController.m */ = {isa = PBXFileReference; fileEncoding = 4; lastKnownFileType = sourcecode.c.objc; path = totServerCommController.m; sourceTree = "<group>"; };
		3F59F9D6196F95E600D67428 /* totURLConnection.h */ = {isa = PBXFileReference; fileEncoding = 4; lastKnownFileType = sourcecode.c.h; path = totURLConnection.h; sourceTree = "<group>"; };
		3F59F9D7196F95E600D67428 /* totURLConnection.m */ = {isa = PBXFileReference; fileEncoding = 4; lastKnownFileType = sourcecode.c.objc; path = totURLConnection.m; sourceTree = "<group>"; };
		3F59F9DC196F99F700D67428 /* totUtility.h */ = {isa = PBXFileReference; fileEncoding = 4; lastKnownFileType = sourcecode.c.h; path = totUtility.h; sourceTree = "<group>"; };
		3F59F9DD196F99F700D67428 /* totUtility.m */ = {isa = PBXFileReference; fileEncoding = 4; lastKnownFileType = sourcecode.c.objc; path = totUtility.m; sourceTree = "<group>"; };
		3F59F9DF196F9ABE00D67428 /* comm.json */ = {isa = PBXFileReference; fileEncoding = 4; lastKnownFileType = text.json; path = comm.json; sourceTree = "<group>"; };
		3F81693D19AA82710062F6EC /* SellerOrderCell.h */ = {isa = PBXFileReference; fileEncoding = 4; lastKnownFileType = sourcecode.c.h; name = SellerOrderCell.h; path = src/SellerOrderCell.h; sourceTree = "<group>"; };
		3F81693E19AA82710062F6EC /* SellerOrderCell.m */ = {isa = PBXFileReference; fileEncoding = 4; lastKnownFileType = sourcecode.c.objc; name = SellerOrderCell.m; path = src/SellerOrderCell.m; sourceTree = "<group>"; };
		3F81694019AA84490062F6EC /* soldout.jpg */ = {isa = PBXFileReference; lastKnownFileType = image.jpeg; path = soldout.jpg; sourceTree = "<group>"; };
		3F84EC9C19A3047800765B0F /* NotificationManager.h */ = {isa = PBXFileReference; fileEncoding = 4; lastKnownFileType = sourcecode.c.h; name = NotificationManager.h; path = src/NotificationManager.h; sourceTree = "<group>"; };
		3F84EC9D19A3047800765B0F /* NotificationManager.m */ = {isa = PBXFileReference; fileEncoding = 4; lastKnownFileType = sourcecode.c.objc; name = NotificationManager.m; path = src/NotificationManager.m; sourceTree = "<group>"; };
		3F8ABBF4195F858600A9C7DE /* FoodItem.h */ = {isa = PBXFileReference; fileEncoding = 4; lastKnownFileType = sourcecode.c.h; name = FoodItem.h; path = src/FoodItem.h; sourceTree = "<group>"; };
		3F8ABBF5195F858600A9C7DE /* FoodItem.m */ = {isa = PBXFileReference; fileEncoding = 4; lastKnownFileType = sourcecode.c.objc; name = FoodItem.m; path = src/FoodItem.m; sourceTree = "<group>"; };
		3F8ABBF7195F880600A9C7DE /* FoodItemView.h */ = {isa = PBXFileReference; fileEncoding = 4; lastKnownFileType = sourcecode.c.h; name = FoodItemView.h; path = src/FoodItemView.h; sourceTree = "<group>"; };
		3F8ABBF8195F880600A9C7DE /* FoodItemView.m */ = {isa = PBXFileReference; fileEncoding = 4; lastKnownFileType = sourcecode.c.objc; name = FoodItemView.m; path = src/FoodItemView.m; sourceTree = "<group>"; };
		3F9C8613199C8704003340E9 /* totLoginController.h */ = {isa = PBXFileReference; fileEncoding = 4; lastKnownFileType = sourcecode.c.h; path = totLoginController.h; sourceTree = "<group>"; };
		3F9C8614199C8704003340E9 /* totLoginController.m */ = {isa = PBXFileReference; fileEncoding = 4; lastKnownFileType = sourcecode.c.objc; path = totLoginController.m; sourceTree = "<group>"; };
		3F9C8616199F3153003340E9 /* Order.h */ = {isa = PBXFileReference; fileEncoding = 4; lastKnownFileType = sourcecode.c.h; name = Order.h; path = src/Order.h; sourceTree = "<group>"; };
		3F9C8617199F3153003340E9 /* Order.m */ = {isa = PBXFileReference; fileEncoding = 4; lastKnownFileType = sourcecode.c.objc; name = Order.m; path = src/Order.m; sourceTree = "<group>"; };
		3FABA63F195F9BDB0058F6D3 /* food.png */ = {isa = PBXFileReference; lastKnownFileType = image.png; path = food.png; sourceTree = "<group>"; };
		3FABA641195FAC5A0058F6D3 /* OrderViewController.h */ = {isa = PBXFileReference; fileEncoding = 4; lastKnownFileType = sourcecode.c.h; name = OrderViewController.h; path = src/OrderViewController.h; sourceTree = "<group>"; };
		3FABA642195FAC5A0058F6D3 /* OrderViewController.m */ = {isa = PBXFileReference; fileEncoding = 4; lastKnownFileType = sourcecode.c.objc; name = OrderViewController.m; path = src/OrderViewController.m; sourceTree = "<group>"; };
		3FABA644195FBBDF0058F6D3 /* MenuCell.h */ = {isa = PBXFileReference; fileEncoding = 4; lastKnownFileType = sourcecode.c.h; name = MenuCell.h; path = src/MenuCell.h; sourceTree = "<group>"; };
		3FABA645195FBBDF0058F6D3 /* MenuCell.m */ = {isa = PBXFileReference; fileEncoding = 4; lastKnownFileType = sourcecode.c.objc; name = MenuCell.m; path = src/MenuCell.m; sourceTree = "<group>"; };
		3FABA647195FBEFB0058F6D3 /* Global.h */ = {isa = PBXFileReference; fileEncoding = 4; lastKnownFileType = sourcecode.c.h; path = Global.h; sourceTree = "<group>"; };
		3FABA648195FBEFB0058F6D3 /* Global.m */ = {isa = PBXFileReference; fileEncoding = 4; lastKnownFileType = sourcecode.c.objc; path = Global.m; sourceTree = "<group>"; };
		3FABA64A195FC2B60058F6D3 /* OrderCell.h */ = {isa = PBXFileReference; fileEncoding = 4; lastKnownFileType = sourcecode.c.h; name = OrderCell.h; path = src/OrderCell.h; sourceTree = "<group>"; };
		3FABA64B195FC2B60058F6D3 /* OrderCell.m */ = {isa = PBXFileReference; fileEncoding = 4; lastKnownFileType = sourcecode.c.objc; name = OrderCell.m; path = src/OrderCell.m; sourceTree = "<group>"; };
		3FB0D76119A99B0100A519C5 /* confirmed.png */ = {isa = PBXFileReference; lastKnownFileType = image.png; path = confirmed.png; sourceTree = "<group>"; };
		3FB0D76319A99CB100A519C5 /* confirmed1.png */ = {isa = PBXFileReference; lastKnownFileType = image.png; path = confirmed1.png; sourceTree = "<group>"; };
		3FC2FA041990AF3C00457F6D /* totUser.h */ = {isa = PBXFileReference; fileEncoding = 4; lastKnownFileType = sourcecode.c.h; path = totUser.h; sourceTree = "<group>"; };
		3FC2FA051990AF3C00457F6D /* totUser.m */ = {isa = PBXFileReference; fileEncoding = 4; lastKnownFileType = sourcecode.c.objc; path = totUser.m; sourceTree = "<group>"; };
		3FC2FA071990AF7400457F6D /* totModel.h */ = {isa = PBXFileReference; fileEncoding = 4; lastKnownFileType = sourcecode.c.h; path = totModel.h; sourceTree = "<group>"; };
		3FC2FA081990AF7400457F6D /* totModel.m */ = {isa = PBXFileReference; fileEncoding = 4; lastKnownFileType = sourcecode.c.objc; path = totModel.m; sourceTree = "<group>"; };
		3FC2FA0A1990AFC100457F6D /* totEvent.h */ = {isa = PBXFileReference; fileEncoding = 4; lastKnownFileType = sourcecode.c.h; path = totEvent.h; sourceTree = "<group>"; };
		3FC2FA0B1990AFC100457F6D /* totEvent.m */ = {isa = PBXFileReference; fileEncoding = 4; lastKnownFileType = sourcecode.c.objc; path = totEvent.m; sourceTree = "<group>"; };
		3FC2FA0C1990AFC100457F6D /* totEventName.h */ = {isa = PBXFileReference; fileEncoding = 4; lastKnownFileType = sourcecode.c.h; path = totEventName.h; sourceTree = "<group>"; };
		3FC2FA0F1990B01400457F6D /* RNCryptor+Private.h */ = {isa = PBXFileReference; fileEncoding = 4; lastKnownFileType = sourcecode.c.h; path = "RNCryptor+Private.h"; sourceTree = "<group>"; };
		3FC2FA101990B01400457F6D /* RNCryptor-Prefix.pch */ = {isa = PBXFileReference; fileEncoding = 4; lastKnownFileType = sourcecode.c.h; path = "RNCryptor-Prefix.pch"; sourceTree = "<group>"; };
		3FC2FA111990B01400457F6D /* RNCryptor.h */ = {isa = PBXFileReference; fileEncoding = 4; lastKnownFileType = sourcecode.c.h; path = RNCryptor.h; sourceTree = "<group>"; };
		3FC2FA121990B01400457F6D /* RNCryptor.m */ = {isa = PBXFileReference; fileEncoding = 4; lastKnownFileType = sourcecode.c.objc; path = RNCryptor.m; sourceTree = "<group>"; };
		3FC2FA131990B01400457F6D /* RNCryptorEngine.h */ = {isa = PBXFileReference; fileEncoding = 4; lastKnownFileType = sourcecode.c.h; path = RNCryptorEngine.h; sourceTree = "<group>"; };
		3FC2FA141990B01400457F6D /* RNCryptorEngine.m */ = {isa = PBXFileReference; fileEncoding = 4; lastKnownFileType = sourcecode.c.objc; path = RNCryptorEngine.m; sourceTree = "<group>"; };
		3FC2FA151990B01400457F6D /* RNDecryptor.h */ = {isa = PBXFileReference; fileEncoding = 4; lastKnownFileType = sourcecode.c.h; path = RNDecryptor.h; sourceTree = "<group>"; };
		3FC2FA161990B01400457F6D /* RNDecryptor.m */ = {isa = PBXFileReference; fileEncoding = 4; lastKnownFileType = sourcecode.c.objc; path = RNDecryptor.m; sourceTree = "<group>"; };
		3FC2FA171990B01400457F6D /* RNEncryptor.h */ = {isa = PBXFileReference; fileEncoding = 4; lastKnownFileType = sourcecode.c.h; path = RNEncryptor.h; sourceTree = "<group>"; };
		3FC2FA181990B01400457F6D /* RNEncryptor.m */ = {isa = PBXFileReference; fileEncoding = 4; lastKnownFileType = sourcecode.c.objc; path = RNEncryptor.m; sourceTree = "<group>"; };
		3FC2FA191990B01400457F6D /* RNOpenSSLCryptor.h */ = {isa = PBXFileReference; fileEncoding = 4; lastKnownFileType = sourcecode.c.h; path = RNOpenSSLCryptor.h; sourceTree = "<group>"; };
		3FC2FA1A1990B01400457F6D /* RNOpenSSLCryptor.m */ = {isa = PBXFileReference; fileEncoding = 4; lastKnownFileType = sourcecode.c.objc; path = RNOpenSSLCryptor.m; sourceTree = "<group>"; };
		3FC2FA1B1990B01400457F6D /* RNOpenSSLDecryptor.h */ = {isa = PBXFileReference; fileEncoding = 4; lastKnownFileType = sourcecode.c.h; path = RNOpenSSLDecryptor.h; sourceTree = "<group>"; };
		3FC2FA1C1990B01400457F6D /* RNOpenSSLDecryptor.m */ = {isa = PBXFileReference; fileEncoding = 4; lastKnownFileType = sourcecode.c.objc; path = RNOpenSSLDecryptor.m; sourceTree = "<group>"; };
		3FC2FA1D1990B01400457F6D /* RNOpenSSLEncryptor.h */ = {isa = PBXFileReference; fileEncoding = 4; lastKnownFileType = sourcecode.c.h; path = RNOpenSSLEncryptor.h; sourceTree = "<group>"; };
		3FC2FA1E1990B01400457F6D /* RNOpenSSLEncryptor.m */ = {isa = PBXFileReference; fileEncoding = 4; lastKnownFileType = sourcecode.c.objc; path = RNOpenSSLEncryptor.m; sourceTree = "<group>"; };
		3FC2FA261990B13600457F6D /* libsqlite3.dylib */ = {isa = PBXFileReference; lastKnownFileType = "compiled.mach-o.dylib"; name = libsqlite3.dylib; path = usr/lib/libsqlite3.dylib; sourceTree = SDKROOT; };
		3FC361C119A6F67E0076EEA2 /* order.png */ = {isa = PBXFileReference; lastKnownFileType = image.png; path = order.png; sourceTree = "<group>"; };
		3FD165E519BED0F8009D62D8 /* MobileCoreServices.framework */ = {isa = PBXFileReference; lastKnownFileType = wrapper.framework; name = MobileCoreServices.framework; path = System/Library/Frameworks/MobileCoreServices.framework; sourceTree = SDKROOT; };
		3FD165EB19BEDE79009D62D8 /* place_holder_buyer_list_page.png */ = {isa = PBXFileReference; lastKnownFileType = image.png; path = place_holder_buyer_list_page.png; sourceTree = "<group>"; };
		3FD165EC19BEDE79009D62D8 /* place_holder_seller_list_page.png */ = {isa = PBXFileReference; lastKnownFileType = image.png; path = place_holder_seller_list_page.png; sourceTree = "<group>"; };
		3FD6CC62197F7D070082354E /* MenuViewController.h */ = {isa = PBXFileReference; fileEncoding = 4; lastKnownFileType = sourcecode.c.h; name = MenuViewController.h; path = src/MenuViewController.h; sourceTree = "<group>"; };
		3FD6CC63197F7D070082354E /* MenuViewController.m */ = {isa = PBXFileReference; fileEncoding = 4; lastKnownFileType = sourcecode.c.objc; name = MenuViewController.m; path = src/MenuViewController.m; sourceTree = "<group>"; };
		3FF86DBC19B1A4E7000A6E21 /* MKAnnotationView+WebCache.h */ = {isa = PBXFileReference; fileEncoding = 4; lastKnownFileType = sourcecode.c.h; path = "MKAnnotationView+WebCache.h"; sourceTree = "<group>"; };
		3FF86DBD19B1A4E7000A6E21 /* MKAnnotationView+WebCache.m */ = {isa = PBXFileReference; fileEncoding = 4; lastKnownFileType = sourcecode.c.objc; path = "MKAnnotationView+WebCache.m"; sourceTree = "<group>"; };
		3FF86DBE19B1A4E7000A6E21 /* NSData+ImageContentType.h */ = {isa = PBXFileReference; fileEncoding = 4; lastKnownFileType = sourcecode.c.h; path = "NSData+ImageContentType.h"; sourceTree = "<group>"; };
		3FF86DBF19B1A4E7000A6E21 /* NSData+ImageContentType.m */ = {isa = PBXFileReference; fileEncoding = 4; lastKnownFileType = sourcecode.c.objc; path = "NSData+ImageContentType.m"; sourceTree = "<group>"; };
		3FF86DC019B1A4E7000A6E21 /* SDImageCache.h */ = {isa = PBXFileReference; fileEncoding = 4; lastKnownFileType = sourcecode.c.h; path = SDImageCache.h; sourceTree = "<group>"; };
		3FF86DC119B1A4E7000A6E21 /* SDImageCache.m */ = {isa = PBXFileReference; fileEncoding = 4; lastKnownFileType = sourcecode.c.objc; path = SDImageCache.m; sourceTree = "<group>"; };
		3FF86DC219B1A4E7000A6E21 /* SDWebImageCompat.h */ = {isa = PBXFileReference; fileEncoding = 4; lastKnownFileType = sourcecode.c.h; path = SDWebImageCompat.h; sourceTree = "<group>"; };
		3FF86DC319B1A4E7000A6E21 /* SDWebImageCompat.m */ = {isa = PBXFileReference; fileEncoding = 4; lastKnownFileType = sourcecode.c.objc; path = SDWebImageCompat.m; sourceTree = "<group>"; };
		3FF86DC419B1A4E7000A6E21 /* SDWebImageDecoder.h */ = {isa = PBXFileReference; fileEncoding = 4; lastKnownFileType = sourcecode.c.h; path = SDWebImageDecoder.h; sourceTree = "<group>"; };
		3FF86DC519B1A4E7000A6E21 /* SDWebImageDecoder.m */ = {isa = PBXFileReference; fileEncoding = 4; lastKnownFileType = sourcecode.c.objc; path = SDWebImageDecoder.m; sourceTree = "<group>"; };
		3FF86DC619B1A4E7000A6E21 /* SDWebImageDownloader.h */ = {isa = PBXFileReference; fileEncoding = 4; lastKnownFileType = sourcecode.c.h; path = SDWebImageDownloader.h; sourceTree = "<group>"; };
		3FF86DC719B1A4E7000A6E21 /* SDWebImageDownloader.m */ = {isa = PBXFileReference; fileEncoding = 4; lastKnownFileType = sourcecode.c.objc; path = SDWebImageDownloader.m; sourceTree = "<group>"; };
		3FF86DC819B1A4E7000A6E21 /* SDWebImageDownloaderOperation.h */ = {isa = PBXFileReference; fileEncoding = 4; lastKnownFileType = sourcecode.c.h; path = SDWebImageDownloaderOperation.h; sourceTree = "<group>"; };
		3FF86DC919B1A4E7000A6E21 /* SDWebImageDownloaderOperation.m */ = {isa = PBXFileReference; fileEncoding = 4; lastKnownFileType = sourcecode.c.objc; path = SDWebImageDownloaderOperation.m; sourceTree = "<group>"; };
		3FF86DCA19B1A4E7000A6E21 /* SDWebImageManager.h */ = {isa = PBXFileReference; fileEncoding = 4; lastKnownFileType = sourcecode.c.h; path = SDWebImageManager.h; sourceTree = "<group>"; };
		3FF86DCB19B1A4E7000A6E21 /* SDWebImageManager.m */ = {isa = PBXFileReference; fileEncoding = 4; lastKnownFileType = sourcecode.c.objc; path = SDWebImageManager.m; sourceTree = "<group>"; };
		3FF86DCC19B1A4E7000A6E21 /* SDWebImageOperation.h */ = {isa = PBXFileReference; fileEncoding = 4; lastKnownFileType = sourcecode.c.h; path = SDWebImageOperation.h; sourceTree = "<group>"; };
		3FF86DCD19B1A4E7000A6E21 /* SDWebImagePrefetcher.h */ = {isa = PBXFileReference; fileEncoding = 4; lastKnownFileType = sourcecode.c.h; path = SDWebImagePrefetcher.h; sourceTree = "<group>"; };
		3FF86DCE19B1A4E7000A6E21 /* SDWebImagePrefetcher.m */ = {isa = PBXFileReference; fileEncoding = 4; lastKnownFileType = sourcecode.c.objc; path = SDWebImagePrefetcher.m; sourceTree = "<group>"; };
		3FF86DCF19B1A4E7000A6E21 /* UIButton+WebCache.h */ = {isa = PBXFileReference; fileEncoding = 4; lastKnownFileType = sourcecode.c.h; path = "UIButton+WebCache.h"; sourceTree = "<group>"; };
		3FF86DD019B1A4E7000A6E21 /* UIButton+WebCache.m */ = {isa = PBXFileReference; fileEncoding = 4; lastKnownFileType = sourcecode.c.objc; path = "UIButton+WebCache.m"; sourceTree = "<group>"; };
		3FF86DD119B1A4E7000A6E21 /* UIImage+GIF.h */ = {isa = PBXFileReference; fileEncoding = 4; lastKnownFileType = sourcecode.c.h; path = "UIImage+GIF.h"; sourceTree = "<group>"; };
		3FF86DD219B1A4E7000A6E21 /* UIImage+GIF.m */ = {isa = PBXFileReference; fileEncoding = 4; lastKnownFileType = sourcecode.c.objc; path = "UIImage+GIF.m"; sourceTree = "<group>"; };
		3FF86DD319B1A4E7000A6E21 /* UIImage+MultiFormat.h */ = {isa = PBXFileReference; fileEncoding = 4; lastKnownFileType = sourcecode.c.h; path = "UIImage+MultiFormat.h"; sourceTree = "<group>"; };
		3FF86DD419B1A4E7000A6E21 /* UIImage+MultiFormat.m */ = {isa = PBXFileReference; fileEncoding = 4; lastKnownFileType = sourcecode.c.objc; path = "UIImage+MultiFormat.m"; sourceTree = "<group>"; };
		3FF86DD519B1A4E7000A6E21 /* UIImage+WebP.h */ = {isa = PBXFileReference; fileEncoding = 4; lastKnownFileType = sourcecode.c.h; path = "UIImage+WebP.h"; sourceTree = "<group>"; };
		3FF86DD619B1A4E7000A6E21 /* UIImage+WebP.m */ = {isa = PBXFileReference; fileEncoding = 4; lastKnownFileType = sourcecode.c.objc; path = "UIImage+WebP.m"; sourceTree = "<group>"; };
		3FF86DD719B1A4E7000A6E21 /* UIImageView+HighlightedWebCache.h */ = {isa = PBXFileReference; fileEncoding = 4; lastKnownFileType = sourcecode.c.h; path = "UIImageView+HighlightedWebCache.h"; sourceTree = "<group>"; };
		3FF86DD819B1A4E7000A6E21 /* UIImageView+HighlightedWebCache.m */ = {isa = PBXFileReference; fileEncoding = 4; lastKnownFileType = sourcecode.c.objc; path = "UIImageView+HighlightedWebCache.m"; sourceTree = "<group>"; };
		3FF86DD919B1A4E7000A6E21 /* UIImageView+WebCache.h */ = {isa = PBXFileReference; fileEncoding = 4; lastKnownFileType = sourcecode.c.h; path = "UIImageView+WebCache.h"; sourceTree = "<group>"; };
		3FF86DDA19B1A4E7000A6E21 /* UIImageView+WebCache.m */ = {isa = PBXFileReference; fileEncoding = 4; lastKnownFileType = sourcecode.c.objc; path = "UIImageView+WebCache.m"; sourceTree = "<group>"; };
		3FF86DDB19B1A4E7000A6E21 /* UIView+WebCacheOperation.h */ = {isa = PBXFileReference; fileEncoding = 4; lastKnownFileType = sourcecode.c.h; path = "UIView+WebCacheOperation.h"; sourceTree = "<group>"; };
		3FF86DDC19B1A4E7000A6E21 /* UIView+WebCacheOperation.m */ = {isa = PBXFileReference; fileEncoding = 4; lastKnownFileType = sourcecode.c.objc; path = "UIView+WebCacheOperation.m"; sourceTree = "<group>"; };
/* End PBXFileReference section */

/* Begin PBXFrameworksBuildPhase section */
		3F2543821952BA690000E6C9 /* Frameworks */ = {
			isa = PBXFrameworksBuildPhase;
			buildActionMask = 2147483647;
			files = (
				3FD165E619BED0F8009D62D8 /* MobileCoreServices.framework in Frameworks */,
				3FC2FA271990B13600457F6D /* libsqlite3.dylib in Frameworks */,
				3F25438B1952BA690000E6C9 /* CoreGraphics.framework in Frameworks */,
				3F25438D1952BA690000E6C9 /* UIKit.framework in Frameworks */,
				3F2543891952BA690000E6C9 /* Foundation.framework in Frameworks */,
			);
			runOnlyForDeploymentPostprocessing = 0;
		};
		3F2543A91952BA690000E6C9 /* Frameworks */ = {
			isa = PBXFrameworksBuildPhase;
			buildActionMask = 2147483647;
			files = (
				3F2543AE1952BA690000E6C9 /* XCTest.framework in Frameworks */,
				3F2543B01952BA690000E6C9 /* UIKit.framework in Frameworks */,
				3F2543AF1952BA690000E6C9 /* Foundation.framework in Frameworks */,
			);
			runOnlyForDeploymentPostprocessing = 0;
		};
/* End PBXFrameworksBuildPhase section */

/* Begin PBXGroup section */
		3F25437C1952BA690000E6C9 = {
			isa = PBXGroup;
			children = (
				3F8ABBFA195F8C7E00A9C7DE /* resources */,
				3F25438E1952BA690000E6C9 /* food */,
				3F2543B31952BA690000E6C9 /* foodTests */,
				3F2543871952BA690000E6C9 /* Frameworks */,
				3F2543861952BA690000E6C9 /* Products */,
			);
			sourceTree = "<group>";
		};
		3F2543861952BA690000E6C9 /* Products */ = {
			isa = PBXGroup;
			children = (
				3F2543851952BA690000E6C9 /* Local Chef.app */,
				3F2543AC1952BA690000E6C9 /* foodTests.xctest */,
			);
			name = Products;
			sourceTree = "<group>";
		};
		3F2543871952BA690000E6C9 /* Frameworks */ = {
			isa = PBXGroup;
			children = (
				3FD165E519BED0F8009D62D8 /* MobileCoreServices.framework */,
				3FC2FA261990B13600457F6D /* libsqlite3.dylib */,
				3F2543881952BA690000E6C9 /* Foundation.framework */,
				3F25438A1952BA690000E6C9 /* CoreGraphics.framework */,
				3F25438C1952BA690000E6C9 /* UIKit.framework */,
				3F2543AD1952BA690000E6C9 /* XCTest.framework */,
			);
			name = Frameworks;
			sourceTree = "<group>";
		};
		3F25438E1952BA690000E6C9 /* food */ = {
			isa = PBXGroup;
			children = (
				3FF86DBB19B1A4E7000A6E21 /* SDWebImage */,
				3F81693D19AA82710062F6EC /* SellerOrderCell.h */,
				3F81693E19AA82710062F6EC /* SellerOrderCell.m */,
				3F3D6BD219A145CC00115655 /* OrderListViewController.h */,
				3F3D6BD319A145CC00115655 /* OrderListViewController.m */,
				3F9C8613199C8704003340E9 /* totLoginController.h */,
				3F9C8614199C8704003340E9 /* totLoginController.m */,
				3FC2FA0E1990B01400457F6D /* RNCryptor */,
				3FC2FA0A1990AFC100457F6D /* totEvent.h */,
				3FC2FA0B1990AFC100457F6D /* totEvent.m */,
				3FC2FA0C1990AFC100457F6D /* totEventName.h */,
				3FC2FA071990AF7400457F6D /* totModel.h */,
				3FC2FA081990AF7400457F6D /* totModel.m */,
				3FC2FA041990AF3C00457F6D /* totUser.h */,
				3FC2FA051990AF3C00457F6D /* totUser.m */,
				3F59F9DB196F99F700D67428 /* utility */,
				3F59F9D1196F95E600D67428 /* server */,
				3F2543971952BA690000E6C9 /* AppDelegate.h */,
				3F2543981952BA690000E6C9 /* AppDelegate.m */,
				3F25439A1952BA690000E6C9 /* Main_iPhone.storyboard */,
				3FABA641195FAC5A0058F6D3 /* OrderViewController.h */,
				3FABA642195FAC5A0058F6D3 /* OrderViewController.m */,
				3F25439D1952BA690000E6C9 /* Main_iPad.storyboard */,
				3F2543A01952BA690000E6C9 /* MasterViewController.h */,
				3F2543A11952BA690000E6C9 /* MasterViewController.m */,
				3F2543A31952BA690000E6C9 /* DetailViewController.h */,
				3F2543A41952BA690000E6C9 /* DetailViewController.m */,
				3F2543A61952BA690000E6C9 /* Images.xcassets */,
				3F25438F1952BA690000E6C9 /* Supporting Files */,
				3F8ABBF4195F858600A9C7DE /* FoodItem.h */,
				3F8ABBF5195F858600A9C7DE /* FoodItem.m */,
				3F8ABBF7195F880600A9C7DE /* FoodItemView.h */,
				3F8ABBF8195F880600A9C7DE /* FoodItemView.m */,
				3FABA644195FBBDF0058F6D3 /* MenuCell.h */,
				3FABA645195FBBDF0058F6D3 /* MenuCell.m */,
				3FABA647195FBEFB0058F6D3 /* Global.h */,
				3FABA648195FBEFB0058F6D3 /* Global.m */,
				3FABA64A195FC2B60058F6D3 /* OrderCell.h */,
				3FABA64B195FC2B60058F6D3 /* OrderCell.m */,
				3F2CB86C196FBBAD00C32AED /* PublishViewController.h */,
				3F2CB86D196FBBAD00C32AED /* PublishViewController.m */,
				3FD6CC62197F7D070082354E /* MenuViewController.h */,
				3FD6CC63197F7D070082354E /* MenuViewController.m */,
				3F385702198B68DA005F9A09 /* MyListTableViewController.h */,
				3F385703198B68DA005F9A09 /* MyListTableViewController.m */,
				3F9C8616199F3153003340E9 /* Order.h */,
				3F9C8617199F3153003340E9 /* Order.m */,
				3F84EC9C19A3047800765B0F /* NotificationManager.h */,
				3F84EC9D19A3047800765B0F /* NotificationManager.m */,
				3F26263119A8751F000ACB6F /* SellerSectionHeaderCell.h */,
				3F26263219A8751F000ACB6F /* SellerSectionHeaderCell.m */,
			);
			path = food;
			sourceTree = "<group>";
		};
		3F25438F1952BA690000E6C9 /* Supporting Files */ = {
			isa = PBXGroup;
			children = (
				3F2543901952BA690000E6C9 /* food-Info.plist */,
				3F2543911952BA690000E6C9 /* InfoPlist.strings */,
				3F2543941952BA690000E6C9 /* main.m */,
				3F2543961952BA690000E6C9 /* food-Prefix.pch */,
			);
			name = "Supporting Files";
			sourceTree = "<group>";
		};
		3F2543B31952BA690000E6C9 /* foodTests */ = {
			isa = PBXGroup;
			children = (
				3F2543B91952BA690000E6C9 /* foodTests.m */,
				3F2543B41952BA690000E6C9 /* Supporting Files */,
			);
			path = foodTests;
			sourceTree = "<group>";
		};
		3F2543B41952BA690000E6C9 /* Supporting Files */ = {
			isa = PBXGroup;
			children = (
				3F2543B51952BA690000E6C9 /* foodTests-Info.plist */,
				3F2543B61952BA690000E6C9 /* InfoPlist.strings */,
			);
			name = "Supporting Files";
			sourceTree = "<group>";
		};
		3F59F9D1196F95E600D67428 /* server */ = {
			isa = PBXGroup;
			children = (
				3F59F9D2196F95E600D67428 /* Base64Encoder.h */,
				3F59F9D3196F95E600D67428 /* Base64Encoder.m */,
				3F59F9D4196F95E600D67428 /* totServerCommController.h */,
				3F59F9D5196F95E600D67428 /* totServerCommController.m */,
				3F59F9D6196F95E600D67428 /* totURLConnection.h */,
				3F59F9D7196F95E600D67428 /* totURLConnection.m */,
			);
			name = server;
			path = src/server;
			sourceTree = "<group>";
		};
		3F59F9DB196F99F700D67428 /* utility */ = {
			isa = PBXGroup;
			children = (
				3F59F9DC196F99F700D67428 /* totUtility.h */,
				3F59F9DD196F99F700D67428 /* totUtility.m */,
			);
			name = utility;
			path = src/utility;
			sourceTree = "<group>";
		};
		3F8ABBFA195F8C7E00A9C7DE /* resources */ = {
			isa = PBXGroup;
			children = (
				3FD165EC19BEDE79009D62D8 /* place_holder_seller_list_page.png */,
				3FD165EB19BEDE79009D62D8 /* place_holder_buyer_list_page.png */,
				3F295CB019B50F4F0039315D /* place_holder_buyer_order_page.png */,
				3F81694019AA84490062F6EC /* soldout.jpg */,
				3FB0D76319A99CB100A519C5 /* confirmed1.png */,
				3FB0D76119A99B0100A519C5 /* confirmed.png */,
				3FC361C119A6F67E0076EEA2 /* order.png */,
				3F59F9DF196F9ABE00D67428 /* comm.json */,
				3FABA63F195F9BDB0058F6D3 /* food.png */,
			);
			path = resources;
			sourceTree = "<group>";
		};
		3FC2FA0E1990B01400457F6D /* RNCryptor */ = {
			isa = PBXGroup;
			children = (
				3FC2FA0F1990B01400457F6D /* RNCryptor+Private.h */,
				3FC2FA101990B01400457F6D /* RNCryptor-Prefix.pch */,
				3FC2FA111990B01400457F6D /* RNCryptor.h */,
				3FC2FA121990B01400457F6D /* RNCryptor.m */,
				3FC2FA131990B01400457F6D /* RNCryptorEngine.h */,
				3FC2FA141990B01400457F6D /* RNCryptorEngine.m */,
				3FC2FA151990B01400457F6D /* RNDecryptor.h */,
				3FC2FA161990B01400457F6D /* RNDecryptor.m */,
				3FC2FA171990B01400457F6D /* RNEncryptor.h */,
				3FC2FA181990B01400457F6D /* RNEncryptor.m */,
				3FC2FA191990B01400457F6D /* RNOpenSSLCryptor.h */,
				3FC2FA1A1990B01400457F6D /* RNOpenSSLCryptor.m */,
				3FC2FA1B1990B01400457F6D /* RNOpenSSLDecryptor.h */,
				3FC2FA1C1990B01400457F6D /* RNOpenSSLDecryptor.m */,
				3FC2FA1D1990B01400457F6D /* RNOpenSSLEncryptor.h */,
				3FC2FA1E1990B01400457F6D /* RNOpenSSLEncryptor.m */,
			);
			path = RNCryptor;
			sourceTree = "<group>";
		};
		3FF86DBB19B1A4E7000A6E21 /* SDWebImage */ = {
			isa = PBXGroup;
			children = (
				3FF86DBC19B1A4E7000A6E21 /* MKAnnotationView+WebCache.h */,
				3FF86DBD19B1A4E7000A6E21 /* MKAnnotationView+WebCache.m */,
				3FF86DBE19B1A4E7000A6E21 /* NSData+ImageContentType.h */,
				3FF86DBF19B1A4E7000A6E21 /* NSData+ImageContentType.m */,
				3FF86DC019B1A4E7000A6E21 /* SDImageCache.h */,
				3FF86DC119B1A4E7000A6E21 /* SDImageCache.m */,
				3FF86DC219B1A4E7000A6E21 /* SDWebImageCompat.h */,
				3FF86DC319B1A4E7000A6E21 /* SDWebImageCompat.m */,
				3FF86DC419B1A4E7000A6E21 /* SDWebImageDecoder.h */,
				3FF86DC519B1A4E7000A6E21 /* SDWebImageDecoder.m */,
				3FF86DC619B1A4E7000A6E21 /* SDWebImageDownloader.h */,
				3FF86DC719B1A4E7000A6E21 /* SDWebImageDownloader.m */,
				3FF86DC819B1A4E7000A6E21 /* SDWebImageDownloaderOperation.h */,
				3FF86DC919B1A4E7000A6E21 /* SDWebImageDownloaderOperation.m */,
				3FF86DCA19B1A4E7000A6E21 /* SDWebImageManager.h */,
				3FF86DCB19B1A4E7000A6E21 /* SDWebImageManager.m */,
				3FF86DCC19B1A4E7000A6E21 /* SDWebImageOperation.h */,
				3FF86DCD19B1A4E7000A6E21 /* SDWebImagePrefetcher.h */,
				3FF86DCE19B1A4E7000A6E21 /* SDWebImagePrefetcher.m */,
				3FF86DCF19B1A4E7000A6E21 /* UIButton+WebCache.h */,
				3FF86DD019B1A4E7000A6E21 /* UIButton+WebCache.m */,
				3FF86DD119B1A4E7000A6E21 /* UIImage+GIF.h */,
				3FF86DD219B1A4E7000A6E21 /* UIImage+GIF.m */,
				3FF86DD319B1A4E7000A6E21 /* UIImage+MultiFormat.h */,
				3FF86DD419B1A4E7000A6E21 /* UIImage+MultiFormat.m */,
				3FF86DD519B1A4E7000A6E21 /* UIImage+WebP.h */,
				3FF86DD619B1A4E7000A6E21 /* UIImage+WebP.m */,
				3FF86DD719B1A4E7000A6E21 /* UIImageView+HighlightedWebCache.h */,
				3FF86DD819B1A4E7000A6E21 /* UIImageView+HighlightedWebCache.m */,
				3FF86DD919B1A4E7000A6E21 /* UIImageView+WebCache.h */,
				3FF86DDA19B1A4E7000A6E21 /* UIImageView+WebCache.m */,
				3FF86DDB19B1A4E7000A6E21 /* UIView+WebCacheOperation.h */,
				3FF86DDC19B1A4E7000A6E21 /* UIView+WebCacheOperation.m */,
			);
			name = SDWebImage;
			path = src/SDWebImage;
			sourceTree = "<group>";
		};
/* End PBXGroup section */

/* Begin PBXNativeTarget section */
		3F2543841952BA690000E6C9 /* Local Chef */ = {
			isa = PBXNativeTarget;
			buildConfigurationList = 3F2543BD1952BA690000E6C9 /* Build configuration list for PBXNativeTarget "Local Chef" */;
			buildPhases = (
				3F2543811952BA690000E6C9 /* Sources */,
				3F2543821952BA690000E6C9 /* Frameworks */,
				3F2543831952BA690000E6C9 /* Resources */,
			);
			buildRules = (
			);
			dependencies = (
			);
			name = "Local Chef";
			productName = food;
			productReference = 3F2543851952BA690000E6C9 /* Local Chef.app */;
			productType = "com.apple.product-type.application";
		};
		3F2543AB1952BA690000E6C9 /* foodTests */ = {
			isa = PBXNativeTarget;
			buildConfigurationList = 3F2543C01952BA690000E6C9 /* Build configuration list for PBXNativeTarget "foodTests" */;
			buildPhases = (
				3F2543A81952BA690000E6C9 /* Sources */,
				3F2543A91952BA690000E6C9 /* Frameworks */,
				3F2543AA1952BA690000E6C9 /* Resources */,
			);
			buildRules = (
			);
			dependencies = (
				3F2543B21952BA690000E6C9 /* PBXTargetDependency */,
			);
			name = foodTests;
			productName = foodTests;
			productReference = 3F2543AC1952BA690000E6C9 /* foodTests.xctest */;
			productType = "com.apple.product-type.bundle.unit-test";
		};
/* End PBXNativeTarget section */

/* Begin PBXProject section */
		3F25437D1952BA690000E6C9 /* Project object */ = {
			isa = PBXProject;
			attributes = {
				LastUpgradeCheck = 0510;
				ORGANIZATIONNAME = food;
				TargetAttributes = {
					3F2543841952BA690000E6C9 = {
						DevelopmentTeam = HZEE45B54F;
					};
					3F2543AB1952BA690000E6C9 = {
						TestTargetID = 3F2543841952BA690000E6C9;
					};
				};
			};
			buildConfigurationList = 3F2543801952BA690000E6C9 /* Build configuration list for PBXProject "food" */;
			compatibilityVersion = "Xcode 3.2";
			developmentRegion = English;
			hasScannedForEncodings = 0;
			knownRegions = (
				en,
				Base,
			);
			mainGroup = 3F25437C1952BA690000E6C9;
			productRefGroup = 3F2543861952BA690000E6C9 /* Products */;
			projectDirPath = "";
			projectRoot = "";
			targets = (
				3F2543841952BA690000E6C9 /* Local Chef */,
				3F2543AB1952BA690000E6C9 /* foodTests */,
			);
		};
/* End PBXProject section */

/* Begin PBXResourcesBuildPhase section */
		3F2543831952BA690000E6C9 /* Resources */ = {
			isa = PBXResourcesBuildPhase;
			buildActionMask = 2147483647;
			files = (
				3F81694119AA84490062F6EC /* soldout.jpg in Resources */,
				3F295CB319B50F4F0039315D /* place_holder_buyer_order_page.png in Resources */,
				3F25439F1952BA690000E6C9 /* Main_iPad.storyboard in Resources */,
				3FD165ED19BEDE79009D62D8 /* place_holder_buyer_list_page.png in Resources */,
				3F2543A71952BA690000E6C9 /* Images.xcassets in Resources */,
				3FABA640195F9BDB0058F6D3 /* food.png in Resources */,
				3F59F9E0196F9ABE00D67428 /* comm.json in Resources */,
				3F25439C1952BA690000E6C9 /* Main_iPhone.storyboard in Resources */,
				3FB0D76419A99CB100A519C5 /* confirmed1.png in Resources */,
				3FB0D76219A99B0100A519C5 /* confirmed.png in Resources */,
				3FD165EE19BEDE79009D62D8 /* place_holder_seller_list_page.png in Resources */,
				3FC361C219A6F67E0076EEA2 /* order.png in Resources */,
				3F2543931952BA690000E6C9 /* InfoPlist.strings in Resources */,
			);
			runOnlyForDeploymentPostprocessing = 0;
		};
		3F2543AA1952BA690000E6C9 /* Resources */ = {
			isa = PBXResourcesBuildPhase;
			buildActionMask = 2147483647;
			files = (
				3F2543B81952BA690000E6C9 /* InfoPlist.strings in Resources */,
			);
			runOnlyForDeploymentPostprocessing = 0;
		};
/* End PBXResourcesBuildPhase section */

/* Begin PBXSourcesBuildPhase section */
		3F2543811952BA690000E6C9 /* Sources */ = {
			isa = PBXSourcesBuildPhase;
			buildActionMask = 2147483647;
			files = (
				3F81693F19AA82710062F6EC /* SellerOrderCell.m in Sources */,
				3F2543991952BA690000E6C9 /* AppDelegate.m in Sources */,
				3FC2FA241990B01400457F6D /* RNOpenSSLDecryptor.m in Sources */,
				3FF86DE419B1A4E7000A6E21 /* SDWebImageManager.m in Sources */,
				3F59F9DA196F95E600D67428 /* totURLConnection.m in Sources */,
				3F2543A21952BA690000E6C9 /* MasterViewController.m in Sources */,
				3FD6CC64197F7D070082354E /* MenuViewController.m in Sources */,
				3FF86DE819B1A4E7000A6E21 /* UIImage+MultiFormat.m in Sources */,
				3FABA646195FBBDF0058F6D3 /* MenuCell.m in Sources */,
				3FF86DE219B1A4E7000A6E21 /* SDWebImageDownloader.m in Sources */,
				3FC2FA251990B01400457F6D /* RNOpenSSLEncryptor.m in Sources */,
				3FF86DE919B1A4E7000A6E21 /* UIImage+WebP.m in Sources */,
				3F59F9DE196F99F700D67428 /* totUtility.m in Sources */,
				3FC2FA221990B01400457F6D /* RNEncryptor.m in Sources */,
				3F59F9D8196F95E600D67428 /* Base64Encoder.m in Sources */,
				3F8ABBF6195F858600A9C7DE /* FoodItem.m in Sources */,
				3FF86DEA19B1A4E7000A6E21 /* UIImageView+HighlightedWebCache.m in Sources */,
				3FF86DE119B1A4E7000A6E21 /* SDWebImageDecoder.m in Sources */,
				3FF86DE519B1A4E7000A6E21 /* SDWebImagePrefetcher.m in Sources */,
				3FC2FA061990AF3C00457F6D /* totUser.m in Sources */,
				3FABA64C195FC2B60058F6D3 /* OrderCell.m in Sources */,
				3F3D6BD419A145CC00115655 /* OrderListViewController.m in Sources */,
				3FC2FA091990AF7400457F6D /* totModel.m in Sources */,
				3FC2FA201990B01400457F6D /* RNCryptorEngine.m in Sources */,
				3F9C8615199C8704003340E9 /* totLoginController.m in Sources */,
				3FF86DE719B1A4E7000A6E21 /* UIImage+GIF.m in Sources */,
				3FF86DEB19B1A4E7000A6E21 /* UIImageView+WebCache.m in Sources */,
				3F84EC9E19A3047800765B0F /* NotificationManager.m in Sources */,
				3FF86DDF19B1A4E7000A6E21 /* SDImageCache.m in Sources */,
				3F2CB86E196FBBAD00C32AED /* PublishViewController.m in Sources */,
				3F9C8618199F3153003340E9 /* Order.m in Sources */,
				3F8ABBF9195F880600A9C7DE /* FoodItemView.m in Sources */,
				3F385704198B68DA005F9A09 /* MyListTableViewController.m in Sources */,
				3FF86DE319B1A4E7000A6E21 /* SDWebImageDownloaderOperation.m in Sources */,
				3FC2FA0D1990AFC100457F6D /* totEvent.m in Sources */,
				3FABA643195FAC5A0058F6D3 /* OrderViewController.m in Sources */,
				3FF86DE019B1A4E7000A6E21 /* SDWebImageCompat.m in Sources */,
				3FF86DDE19B1A4E7000A6E21 /* NSData+ImageContentType.m in Sources */,
				3FC2FA211990B01400457F6D /* RNDecryptor.m in Sources */,
				3FABA649195FBEFB0058F6D3 /* Global.m in Sources */,
				3FC2FA1F1990B01400457F6D /* RNCryptor.m in Sources */,
				3FF86DE619B1A4E7000A6E21 /* UIButton+WebCache.m in Sources */,
				3F2543951952BA690000E6C9 /* main.m in Sources */,
				3F59F9D9196F95E600D67428 /* totServerCommController.m in Sources */,
				3F26263319A8751F000ACB6F /* SellerSectionHeaderCell.m in Sources */,
				3FF86DEC19B1A4E7000A6E21 /* UIView+WebCacheOperation.m in Sources */,
				3FF86DDD19B1A4E7000A6E21 /* MKAnnotationView+WebCache.m in Sources */,
				3F2543A51952BA690000E6C9 /* DetailViewController.m in Sources */,
				3FC2FA231990B01400457F6D /* RNOpenSSLCryptor.m in Sources */,
			);
			runOnlyForDeploymentPostprocessing = 0;
		};
		3F2543A81952BA690000E6C9 /* Sources */ = {
			isa = PBXSourcesBuildPhase;
			buildActionMask = 2147483647;
			files = (
				3F2543BA1952BA690000E6C9 /* foodTests.m in Sources */,
			);
			runOnlyForDeploymentPostprocessing = 0;
		};
/* End PBXSourcesBuildPhase section */

/* Begin PBXTargetDependency section */
		3F2543B21952BA690000E6C9 /* PBXTargetDependency */ = {
			isa = PBXTargetDependency;
			target = 3F2543841952BA690000E6C9 /* Local Chef */;
			targetProxy = 3F2543B11952BA690000E6C9 /* PBXContainerItemProxy */;
		};
/* End PBXTargetDependency section */

/* Begin PBXVariantGroup section */
		3F2543911952BA690000E6C9 /* InfoPlist.strings */ = {
			isa = PBXVariantGroup;
			children = (
				3F2543921952BA690000E6C9 /* en */,
			);
			name = InfoPlist.strings;
			sourceTree = "<group>";
		};
		3F25439A1952BA690000E6C9 /* Main_iPhone.storyboard */ = {
			isa = PBXVariantGroup;
			children = (
				3F25439B1952BA690000E6C9 /* Base */,
			);
			name = Main_iPhone.storyboard;
			sourceTree = "<group>";
		};
		3F25439D1952BA690000E6C9 /* Main_iPad.storyboard */ = {
			isa = PBXVariantGroup;
			children = (
				3F25439E1952BA690000E6C9 /* Base */,
			);
			name = Main_iPad.storyboard;
			sourceTree = "<group>";
		};
		3F2543B61952BA690000E6C9 /* InfoPlist.strings */ = {
			isa = PBXVariantGroup;
			children = (
				3F2543B71952BA690000E6C9 /* en */,
			);
			name = InfoPlist.strings;
			sourceTree = "<group>";
		};
/* End PBXVariantGroup section */

/* Begin XCBuildConfiguration section */
		3F2543BB1952BA690000E6C9 /* Debug */ = {
			isa = XCBuildConfiguration;
			buildSettings = {
				ALWAYS_SEARCH_USER_PATHS = NO;
				CLANG_CXX_LANGUAGE_STANDARD = "gnu++0x";
				CLANG_CXX_LIBRARY = "libc++";
				CLANG_ENABLE_MODULES = YES;
				CLANG_ENABLE_OBJC_ARC = YES;
				CLANG_WARN_BOOL_CONVERSION = YES;
				CLANG_WARN_CONSTANT_CONVERSION = YES;
				CLANG_WARN_DIRECT_OBJC_ISA_USAGE = YES_ERROR;
				CLANG_WARN_EMPTY_BODY = YES;
				CLANG_WARN_ENUM_CONVERSION = YES;
				CLANG_WARN_INT_CONVERSION = YES;
				CLANG_WARN_OBJC_ROOT_CLASS = YES_ERROR;
				CLANG_WARN__DUPLICATE_METHOD_MATCH = YES;
				"CODE_SIGN_IDENTITY[sdk=iphoneos*]" = "iPhone Developer";
				COPY_PHASE_STRIP = NO;
				GCC_C_LANGUAGE_STANDARD = gnu99;
				GCC_DYNAMIC_NO_PIC = NO;
				GCC_OPTIMIZATION_LEVEL = 0;
				GCC_PREPROCESSOR_DEFINITIONS = (
					"DEBUG=1",
					"$(inherited)",
				);
				GCC_SYMBOLS_PRIVATE_EXTERN = NO;
				GCC_WARN_64_TO_32_BIT_CONVERSION = YES;
				GCC_WARN_ABOUT_RETURN_TYPE = YES_ERROR;
				GCC_WARN_UNDECLARED_SELECTOR = YES;
				GCC_WARN_UNINITIALIZED_AUTOS = YES_AGGRESSIVE;
				GCC_WARN_UNUSED_FUNCTION = YES;
				GCC_WARN_UNUSED_VARIABLE = YES;
				IPHONEOS_DEPLOYMENT_TARGET = 7.1;
				ONLY_ACTIVE_ARCH = YES;
				PROVISIONING_PROFILE = "1b20c0b4-2f0a-402d-a5a6-4408101785c6";
				SDKROOT = iphoneos;
				TARGETED_DEVICE_FAMILY = "1,2";
			};
			name = Debug;
		};
		3F2543BC1952BA690000E6C9 /* Release */ = {
			isa = XCBuildConfiguration;
			buildSettings = {
				ALWAYS_SEARCH_USER_PATHS = NO;
				CLANG_CXX_LANGUAGE_STANDARD = "gnu++0x";
				CLANG_CXX_LIBRARY = "libc++";
				CLANG_ENABLE_MODULES = YES;
				CLANG_ENABLE_OBJC_ARC = YES;
				CLANG_WARN_BOOL_CONVERSION = YES;
				CLANG_WARN_CONSTANT_CONVERSION = YES;
				CLANG_WARN_DIRECT_OBJC_ISA_USAGE = YES_ERROR;
				CLANG_WARN_EMPTY_BODY = YES;
				CLANG_WARN_ENUM_CONVERSION = YES;
				CLANG_WARN_INT_CONVERSION = YES;
				CLANG_WARN_OBJC_ROOT_CLASS = YES_ERROR;
				CLANG_WARN__DUPLICATE_METHOD_MATCH = YES;
				"CODE_SIGN_IDENTITY[sdk=iphoneos*]" = "iPhone Developer";
				COPY_PHASE_STRIP = YES;
				ENABLE_NS_ASSERTIONS = NO;
				GCC_C_LANGUAGE_STANDARD = gnu99;
				GCC_WARN_64_TO_32_BIT_CONVERSION = YES;
				GCC_WARN_ABOUT_RETURN_TYPE = YES_ERROR;
				GCC_WARN_UNDECLARED_SELECTOR = YES;
				GCC_WARN_UNINITIALIZED_AUTOS = YES_AGGRESSIVE;
				GCC_WARN_UNUSED_FUNCTION = YES;
				GCC_WARN_UNUSED_VARIABLE = YES;
				IPHONEOS_DEPLOYMENT_TARGET = 7.1;
				PROVISIONING_PROFILE = "1b20c0b4-2f0a-402d-a5a6-4408101785c6";
				SDKROOT = iphoneos;
				TARGETED_DEVICE_FAMILY = "1,2";
				VALIDATE_PRODUCT = YES;
			};
			name = Release;
		};
		3F2543BE1952BA690000E6C9 /* Debug */ = {
			isa = XCBuildConfiguration;
			buildSettings = {
				ASSETCATALOG_COMPILER_APPICON_NAME = AppIcon;
				ASSETCATALOG_COMPILER_LAUNCHIMAGE_NAME = LaunchImage;
				CODE_SIGN_IDENTITY = "iPhone Developer";
				"CODE_SIGN_IDENTITY[sdk=iphoneos*]" = "iPhone Developer";
				GCC_PRECOMPILE_PREFIX_HEADER = YES;
				GCC_PREFIX_HEADER = "food/food-Prefix.pch";
				INFOPLIST_FILE = "food/food-Info.plist";
				IPHONEOS_DEPLOYMENT_TARGET = 7.0;
				PRODUCT_NAME = "$(TARGET_NAME)";
				PROVISIONING_PROFILE = "e9f4a6bd-855b-43aa-8fcb-9fc8cbb1e350";
				TARGETED_DEVICE_FAMILY = 1;
				WRAPPER_EXTENSION = app;
			};
			name = Debug;
		};
		3F2543BF1952BA690000E6C9 /* Release */ = {
			isa = XCBuildConfiguration;
			buildSettings = {
				ASSETCATALOG_COMPILER_APPICON_NAME = AppIcon;
				ASSETCATALOG_COMPILER_LAUNCHIMAGE_NAME = LaunchImage;
				CODE_SIGN_IDENTITY = "iPhone Developer";
				"CODE_SIGN_IDENTITY[sdk=iphoneos*]" = "iPhone Developer";
				GCC_PRECOMPILE_PREFIX_HEADER = YES;
				GCC_PREFIX_HEADER = "food/food-Prefix.pch";
				INFOPLIST_FILE = "food/food-Info.plist";
				IPHONEOS_DEPLOYMENT_TARGET = 7.0;
				PRODUCT_NAME = "$(TARGET_NAME)";
				PROVISIONING_PROFILE = "e9f4a6bd-855b-43aa-8fcb-9fc8cbb1e350";
				TARGETED_DEVICE_FAMILY = 1;
				WRAPPER_EXTENSION = app;
			};
			name = Release;
		};
		3F2543C11952BA690000E6C9 /* Debug */ = {
			isa = XCBuildConfiguration;
			buildSettings = {
				BUNDLE_LOADER = "$(BUILT_PRODUCTS_DIR)/food.app/food";
				FRAMEWORK_SEARCH_PATHS = (
					"$(SDKROOT)/Developer/Library/Frameworks",
					"$(inherited)",
					"$(DEVELOPER_FRAMEWORKS_DIR)",
				);
				GCC_PRECOMPILE_PREFIX_HEADER = YES;
				GCC_PREFIX_HEADER = "food/food-Prefix.pch";
				GCC_PREPROCESSOR_DEFINITIONS = (
					"DEBUG=1",
					"$(inherited)",
				);
				INFOPLIST_FILE = "foodTests/foodTests-Info.plist";
				PRODUCT_NAME = "$(TARGET_NAME)";
				TEST_HOST = "$(BUNDLE_LOADER)";
				WRAPPER_EXTENSION = xctest;
			};
			name = Debug;
		};
		3F2543C21952BA690000E6C9 /* Release */ = {
			isa = XCBuildConfiguration;
			buildSettings = {
				BUNDLE_LOADER = "$(BUILT_PRODUCTS_DIR)/food.app/food";
				FRAMEWORK_SEARCH_PATHS = (
					"$(SDKROOT)/Developer/Library/Frameworks",
					"$(inherited)",
					"$(DEVELOPER_FRAMEWORKS_DIR)",
				);
				GCC_PRECOMPILE_PREFIX_HEADER = YES;
				GCC_PREFIX_HEADER = "food/food-Prefix.pch";
				INFOPLIST_FILE = "foodTests/foodTests-Info.plist";
				PRODUCT_NAME = "$(TARGET_NAME)";
				TEST_HOST = "$(BUNDLE_LOADER)";
				WRAPPER_EXTENSION = xctest;
			};
			name = Release;
		};
/* End XCBuildConfiguration section */

/* Begin XCConfigurationList section */
		3F2543801952BA690000E6C9 /* Build configuration list for PBXProject "food" */ = {
			isa = XCConfigurationList;
			buildConfigurations = (
				3F2543BB1952BA690000E6C9 /* Debug */,
				3F2543BC1952BA690000E6C9 /* Release */,
			);
			defaultConfigurationIsVisible = 0;
			defaultConfigurationName = Release;
		};
		3F2543BD1952BA690000E6C9 /* Build configuration list for PBXNativeTarget "Local Chef" */ = {
			isa = XCConfigurationList;
			buildConfigurations = (
				3F2543BE1952BA690000E6C9 /* Debug */,
				3F2543BF1952BA690000E6C9 /* Release */,
			);
			defaultConfigurationIsVisible = 0;
			defaultConfigurationName = Release;
		};
		3F2543C01952BA690000E6C9 /* Build configuration list for PBXNativeTarget "foodTests" */ = {
			isa = XCConfigurationList;
			buildConfigurations = (
				3F2543C11952BA690000E6C9 /* Debug */,
				3F2543C21952BA690000E6C9 /* Release */,
			);
			defaultConfigurationIsVisible = 0;
			defaultConfigurationName = Release;
		};
/* End XCConfigurationList section */
	};
	rootObject = 3F25437D1952BA690000E6C9 /* Project object */;
}
